
Microsoft Visual Studio Solution File, Format Version 12.00
# Visual Studio Version 16
VisualStudioVersion = 16.0.29709.97
MinimumVisualStudioVersion = 10.0.40219.1
Project("{FAE04EC0-301F-11D3-BF4B-00C04F79EFBC}") = "CKarnasProgram5", "CKarnasProgram5\CKarnasProgram5.csproj", "{1C9386B5-318B-4F5C-9D56-D9EB7201B871}"
EndProject
Global
	GlobalSection(SolutionConfigurationPlatforms) = preSolution
		Debug|Any CPU = Debug|Any CPU
		Release|Any CPU = Release|Any CPU
	EndGlobalSection
	GlobalSection(ProjectConfigurationPlatforms) = postSolution
		{1C9386B5-318B-4F5C-9D56-D9EB7201B871}.Debug|Any CPU.ActiveCfg = Debug|Any CPU
		{1C9386B5-318B-4F5C-9D56-D9EB7201B871}.Debug|Any CPU.Build.0 = Debug|Any CPU
		{1C9386B5-318B-4F5C-9D56-D9EB7201B871}.Release|Any CPU.ActiveCfg = Release|Any CPU
		{1C9386B5-318B-4F5C-9D56-D9EB7201B871}.Release|Any CPU.Build.0 = Release|Any CPU
	EndGlobalSection
	GlobalSection(SolutionProperties) = preSolution
		HideSolutionNode = FALSE
	EndGlobalSection
	GlobalSection(ExtensibilityGlobals) = postSolution
		SolutionGuid = {0E74BFD9-0334-4F17-AA36-2A3646D4CB6D}
	EndGlobalSection
EndGlobal
